// !$*UTF8*$!
{
	archiveVersion = 1;
	classes = {
	};
	objectVersion = 48;
	objects = {

/* Begin PBXBuildFile section */
		01D5ACE752B17AB79E958200 /* Pods_Souvenir.framework in Frameworks */ = {isa = PBXBuildFile; fileRef = 85130997D76FD05291B1B8E8 /* Pods_Souvenir.framework */; };
		1113B7C2202C829A0072DF49 /* CardPickerViewController.swift in Sources */ = {isa = PBXBuildFile; fileRef = 1113B7C1202C829A0072DF49 /* CardPickerViewController.swift */; };
		1113B7C4202C84DD0072DF49 /* .rswiftignore in Resources */ = {isa = PBXBuildFile; fileRef = 1113B7C3202C84DD0072DF49 /* .rswiftignore */; };
		1113B7C7202C85CD0072DF49 /* CardPicker.storyboard in Resources */ = {isa = PBXBuildFile; fileRef = 1113B7C6202C85CD0072DF49 /* CardPicker.storyboard */; };
		1113B7CA202C86350072DF49 /* R.generated.swift in Sources */ = {isa = PBXBuildFile; fileRef = 1113B7C9202C86350072DF49 /* R.generated.swift */; };
		1113B7CD202C878A0072DF49 /* TransitionManager.swift in Sources */ = {isa = PBXBuildFile; fileRef = 1113B7CC202C878A0072DF49 /* TransitionManager.swift */; };
		1113B7CF202C88AE0072DF49 /* SlideTransitionAnimator.swift in Sources */ = {isa = PBXBuildFile; fileRef = 1113B7CE202C88AD0072DF49 /* SlideTransitionAnimator.swift */; };
		1113B7D2202C8A360072DF49 /* BaseViewController.swift in Sources */ = {isa = PBXBuildFile; fileRef = 1113B7D1202C8A360072DF49 /* BaseViewController.swift */; };
		1113B7D4202C8F9D0072DF49 /* FramePresentationController.swift in Sources */ = {isa = PBXBuildFile; fileRef = 1113B7D3202C8F9D0072DF49 /* FramePresentationController.swift */; };
		1113B7D6202CA3600072DF49 /* CustomFrameTransitionManager.swift in Sources */ = {isa = PBXBuildFile; fileRef = 1113B7D5202CA3600072DF49 /* CustomFrameTransitionManager.swift */; };
		1113B7DC202CADC30072DF49 /* CardPickerViewPresenter.swift in Sources */ = {isa = PBXBuildFile; fileRef = 1113B7DB202CADC30072DF49 /* CardPickerViewPresenter.swift */; };
		1113B7DF202CADF60072DF49 /* CardPickerModel.swift in Sources */ = {isa = PBXBuildFile; fileRef = 1113B7DE202CADF60072DF49 /* CardPickerModel.swift */; };
		1113B7E1202CAE110072DF49 /* CardPickerView.swift in Sources */ = {isa = PBXBuildFile; fileRef = 1113B7E0202CAE110072DF49 /* CardPickerView.swift */; };
		11398FB2201F6FEF00792D31 /* AppDelegate.swift in Sources */ = {isa = PBXBuildFile; fileRef = 11398FB1201F6FEF00792D31 /* AppDelegate.swift */; };
		11398FB4201F6FEF00792D31 /* MainViewController.swift in Sources */ = {isa = PBXBuildFile; fileRef = 11398FB3201F6FEF00792D31 /* MainViewController.swift */; };
		11398FB7201F6FEF00792D31 /* Main.storyboard in Resources */ = {isa = PBXBuildFile; fileRef = 11398FB5201F6FEF00792D31 /* Main.storyboard */; };
		11398FB9201F6FEF00792D31 /* Assets.xcassets in Resources */ = {isa = PBXBuildFile; fileRef = 11398FB8201F6FEF00792D31 /* Assets.xcassets */; };
		11398FBC201F6FF000792D31 /* LaunchScreen.storyboard in Resources */ = {isa = PBXBuildFile; fileRef = 11398FBA201F6FF000792D31 /* LaunchScreen.storyboard */; };
		11398FC7201F6FF000792D31 /* SouvenirTests.swift in Sources */ = {isa = PBXBuildFile; fileRef = 11398FC6201F6FF000792D31 /* SouvenirTests.swift */; };
		11398FD7201F76A700792D31 /* MainViewPresenter.swift in Sources */ = {isa = PBXBuildFile; fileRef = 11398FD6201F76A700792D31 /* MainViewPresenter.swift */; };
		11633B9120204D8000E6379F /* DIN Pro Condensed Bold.otf in Resources */ = {isa = PBXBuildFile; fileRef = 11633B9020204D8000E6379F /* DIN Pro Condensed Bold.otf */; };
		11633B9720204E5200E6379F /* UIColor+Hex.swift in Sources */ = {isa = PBXBuildFile; fileRef = 11633B9420204E5200E6379F /* UIColor+Hex.swift */; };
		11633B9820204E5200E6379F /* UIImage+Color.swift in Sources */ = {isa = PBXBuildFile; fileRef = 11633B9620204E5200E6379F /* UIImage+Color.swift */; };
		11633B9D2020504A00E6379F /* UIButton+Style.swift in Sources */ = {isa = PBXBuildFile; fileRef = 11633B9C2020504A00E6379F /* UIButton+Style.swift */; };
		11633BA02020509600E6379F /* Colors.swift in Sources */ = {isa = PBXBuildFile; fileRef = 11633B9F2020509600E6379F /* Colors.swift */; };
		11633BA22020510B00E6379F /* Fonts.swift in Sources */ = {isa = PBXBuildFile; fileRef = 11633BA12020510B00E6379F /* Fonts.swift */; };
		11633BA5202058D200E6379F /* SouvenirView.swift in Sources */ = {isa = PBXBuildFile; fileRef = 11633BA4202058D200E6379F /* SouvenirView.swift */; };
		11633BA7202058DD00E6379F /* SouvenirView.xib in Resources */ = {isa = PBXBuildFile; fileRef = 11633BA6202058DD00E6379F /* SouvenirView.xib */; };
		11633BAB2020593A00E6379F /* BaseView.swift in Sources */ = {isa = PBXBuildFile; fileRef = 11633BAA2020593A00E6379F /* BaseView.swift */; };
		1173A9AD20235726000CA598 /* MainModel.swift in Sources */ = {isa = PBXBuildFile; fileRef = 1173A9AC20235726000CA598 /* MainModel.swift */; };
		1173A9AF20235743000CA598 /* MainView.swift in Sources */ = {isa = PBXBuildFile; fileRef = 1173A9AE20235743000CA598 /* MainView.swift */; };
		1173A9B12023575B000CA598 /* SouvenirType.swift in Sources */ = {isa = PBXBuildFile; fileRef = 1173A9B02023575B000CA598 /* SouvenirType.swift */; };
		1173A9B320235773000CA598 /* Currency.swift in Sources */ = {isa = PBXBuildFile; fileRef = 1173A9B220235773000CA598 /* Currency.swift */; };
		1175E7482020F509003D577E /* EdgeInsetLabel.swift in Sources */ = {isa = PBXBuildFile; fileRef = 1175E7472020F509003D577E /* EdgeInsetLabel.swift */; };
		11882D52203029F10052A12C /* AppConfig.swift in Sources */ = {isa = PBXBuildFile; fileRef = 11882D51203029F10052A12C /* AppConfig.swift */; };
		11882D5420302A470052A12C /* AppConfig+StripeConfig.swift in Sources */ = {isa = PBXBuildFile; fileRef = 11882D5320302A470052A12C /* AppConfig+StripeConfig.swift */; };
		119334E5203073C500B3CAEE /* LoaderViewController.swift in Sources */ = {isa = PBXBuildFile; fileRef = 119334E4203073C500B3CAEE /* LoaderViewController.swift */; };
		119334E720307BC900B3CAEE /* CardStorage.swift in Sources */ = {isa = PBXBuildFile; fileRef = 119334E620307BC900B3CAEE /* CardStorage.swift */; };
		119334E9203080CB00B3CAEE /* StripeStorage.swift in Sources */ = {isa = PBXBuildFile; fileRef = 119334E8203080CB00B3CAEE /* StripeStorage.swift */; };
		11B3B2DC202E067700054367 /* CardDescription.swift in Sources */ = {isa = PBXBuildFile; fileRef = 11B3B2DB202E067700054367 /* CardDescription.swift */; };
		11B3B2E0202E06CB00054367 /* CardDataStorageDescription.swift in Sources */ = {isa = PBXBuildFile; fileRef = 11B3B2DF202E06CB00054367 /* CardDataStorageDescription.swift */; };
		11B3B2E4202F151400054367 /* CardPickerViewController+UITableViewDataSource.swift in Sources */ = {isa = PBXBuildFile; fileRef = 11B3B2E3202F151400054367 /* CardPickerViewController+UITableViewDataSource.swift */; };
		11B3B2E6202F156300054367 /* CardPickerViewController+UITableViewDelegate.swift in Sources */ = {isa = PBXBuildFile; fileRef = 11B3B2E5202F156300054367 /* CardPickerViewController+UITableViewDelegate.swift */; };
		11B3B2E8202F158800054367 /* CardPickerViewController+CardPickerView.swift in Sources */ = {isa = PBXBuildFile; fileRef = 11B3B2E7202F158800054367 /* CardPickerViewController+CardPickerView.swift */; };
		11B3B2EA202F15D100054367 /* MainViewController+MainView.swift in Sources */ = {isa = PBXBuildFile; fileRef = 11B3B2E9202F15D100054367 /* MainViewController+MainView.swift */; };
		11B3B2F0202F18F100054367 /* AddNewCard.storyboard in Resources */ = {isa = PBXBuildFile; fileRef = 11B3B2EF202F18F100054367 /* AddNewCard.storyboard */; };
		11B3B2F2202F190900054367 /* AddNewCardViewController.swift in Sources */ = {isa = PBXBuildFile; fileRef = 11B3B2F1202F190900054367 /* AddNewCardViewController.swift */; };
		11B3B2F5202F3D1A00054367 /* StripeManager.swift in Sources */ = {isa = PBXBuildFile; fileRef = 11B3B2F4202F3D1A00054367 /* StripeManager.swift */; };
		11C620C4202CDC5C00BEB2BB /* CardCell.swift in Sources */ = {isa = PBXBuildFile; fileRef = 11C620C3202CDC5C00BEB2BB /* CardCell.swift */; };
		11C620D7202DA52000BEB2BB /* BaseCellModel.swift in Sources */ = {isa = PBXBuildFile; fileRef = 11C620CA202DA52000BEB2BB /* BaseCellModel.swift */; };
		11C620D8202DA52000BEB2BB /* CellModelInterface.swift in Sources */ = {isa = PBXBuildFile; fileRef = 11C620CB202DA52000BEB2BB /* CellModelInterface.swift */; };
		11C620D9202DA52000BEB2BB /* DescribeReusable.swift in Sources */ = {isa = PBXBuildFile; fileRef = 11C620CC202DA52000BEB2BB /* DescribeReusable.swift */; };
		11C620DA202DA52000BEB2BB /* HeightConfigurable.swift in Sources */ = {isa = PBXBuildFile; fileRef = 11C620CD202DA52000BEB2BB /* HeightConfigurable.swift */; };
		11C620DB202DA52000BEB2BB /* NibLoadable.swift in Sources */ = {isa = PBXBuildFile; fileRef = 11C620CF202DA52000BEB2BB /* NibLoadable.swift */; };
		11C620DC202DA52000BEB2BB /* NibReusable.swift in Sources */ = {isa = PBXBuildFile; fileRef = 11C620D0202DA52000BEB2BB /* NibReusable.swift */; };
		11C620DD202DA52000BEB2BB /* Reusable.swift in Sources */ = {isa = PBXBuildFile; fileRef = 11C620D1202DA52000BEB2BB /* Reusable.swift */; };
		11C620DE202DA52000BEB2BB /* UITableView+Reusable.swift in Sources */ = {isa = PBXBuildFile; fileRef = 11C620D2202DA52000BEB2BB /* UITableView+Reusable.swift */; };
		11C620DF202DA52000BEB2BB /* UITableViewCell+Reusable.swift in Sources */ = {isa = PBXBuildFile; fileRef = 11C620D3202DA52000BEB2BB /* UITableViewCell+Reusable.swift */; };
		11C620E0202DA52000BEB2BB /* BaseCell.swift in Sources */ = {isa = PBXBuildFile; fileRef = 11C620D5202DA52000BEB2BB /* BaseCell.swift */; };
		11C620E1202DA52000BEB2BB /* CellInterface.swift in Sources */ = {isa = PBXBuildFile; fileRef = 11C620D6202DA52000BEB2BB /* CellInterface.swift */; };
		11C620E3202DA5C700BEB2BB /* AnyCell.swift in Sources */ = {isa = PBXBuildFile; fileRef = 11C620E2202DA5C700BEB2BB /* AnyCell.swift */; };
		11C620E5202DA83A00BEB2BB /* AddNewCardCell.swift in Sources */ = {isa = PBXBuildFile; fileRef = 11C620E4202DA83A00BEB2BB /* AddNewCardCell.swift */; };
		11C620E7202DA8CB00BEB2BB /* AddNewCardCell.xib in Resources */ = {isa = PBXBuildFile; fileRef = 11C620E6202DA8CB00BEB2BB /* AddNewCardCell.xib */; };
		11F8A59A202DB92E009A364C /* CardCell.xib in Resources */ = {isa = PBXBuildFile; fileRef = 11F8A599202DB92E009A364C /* CardCell.xib */; };
		387B73158025AF2C377C44F5 /* Pods_SouvenirTests.framework in Frameworks */ = {isa = PBXBuildFile; fileRef = 541746EFE9B240B5E0CC0A90 /* Pods_SouvenirTests.framework */; };
/* End PBXBuildFile section */

/* Begin PBXContainerItemProxy section */
		11398FC3201F6FF000792D31 /* PBXContainerItemProxy */ = {
			isa = PBXContainerItemProxy;
			containerPortal = 11398FA6201F6FEF00792D31 /* Project object */;
			proxyType = 1;
			remoteGlobalIDString = 11398FAD201F6FEF00792D31;
			remoteInfo = Souvenir;
		};
/* End PBXContainerItemProxy section */

/* Begin PBXFileReference section */
		1113B7C1202C829A0072DF49 /* CardPickerViewController.swift */ = {isa = PBXFileReference; lastKnownFileType = sourcecode.swift; path = CardPickerViewController.swift; sourceTree = "<group>"; };
		1113B7C3202C84DD0072DF49 /* .rswiftignore */ = {isa = PBXFileReference; fileEncoding = 4; lastKnownFileType = text; path = .rswiftignore; sourceTree = "<group>"; };
		1113B7C6202C85CD0072DF49 /* CardPicker.storyboard */ = {isa = PBXFileReference; lastKnownFileType = file.storyboard; path = CardPicker.storyboard; sourceTree = "<group>"; };
		1113B7C9202C86350072DF49 /* R.generated.swift */ = {isa = PBXFileReference; fileEncoding = 4; lastKnownFileType = sourcecode.swift; path = R.generated.swift; sourceTree = "<group>"; };
		1113B7CC202C878A0072DF49 /* TransitionManager.swift */ = {isa = PBXFileReference; lastKnownFileType = sourcecode.swift; path = TransitionManager.swift; sourceTree = "<group>"; };
		1113B7CE202C88AD0072DF49 /* SlideTransitionAnimator.swift */ = {isa = PBXFileReference; lastKnownFileType = sourcecode.swift; path = SlideTransitionAnimator.swift; sourceTree = "<group>"; };
		1113B7D1202C8A360072DF49 /* BaseViewController.swift */ = {isa = PBXFileReference; lastKnownFileType = sourcecode.swift; path = BaseViewController.swift; sourceTree = "<group>"; };
		1113B7D3202C8F9D0072DF49 /* FramePresentationController.swift */ = {isa = PBXFileReference; lastKnownFileType = sourcecode.swift; path = FramePresentationController.swift; sourceTree = "<group>"; };
		1113B7D5202CA3600072DF49 /* CustomFrameTransitionManager.swift */ = {isa = PBXFileReference; lastKnownFileType = sourcecode.swift; path = CustomFrameTransitionManager.swift; sourceTree = "<group>"; };
		1113B7DB202CADC30072DF49 /* CardPickerViewPresenter.swift */ = {isa = PBXFileReference; lastKnownFileType = sourcecode.swift; path = CardPickerViewPresenter.swift; sourceTree = "<group>"; };
		1113B7DE202CADF60072DF49 /* CardPickerModel.swift */ = {isa = PBXFileReference; lastKnownFileType = sourcecode.swift; path = CardPickerModel.swift; sourceTree = "<group>"; };
		1113B7E0202CAE110072DF49 /* CardPickerView.swift */ = {isa = PBXFileReference; lastKnownFileType = sourcecode.swift; path = CardPickerView.swift; sourceTree = "<group>"; };
		11398FAE201F6FEF00792D31 /* Souvenir.app */ = {isa = PBXFileReference; explicitFileType = wrapper.application; includeInIndex = 0; path = Souvenir.app; sourceTree = BUILT_PRODUCTS_DIR; };
		11398FB1201F6FEF00792D31 /* AppDelegate.swift */ = {isa = PBXFileReference; lastKnownFileType = sourcecode.swift; path = AppDelegate.swift; sourceTree = "<group>"; };
		11398FB3201F6FEF00792D31 /* MainViewController.swift */ = {isa = PBXFileReference; lastKnownFileType = sourcecode.swift; path = MainViewController.swift; sourceTree = "<group>"; };
		11398FB6201F6FEF00792D31 /* Base */ = {isa = PBXFileReference; lastKnownFileType = file.storyboard; name = Base; path = Base.lproj/Main.storyboard; sourceTree = "<group>"; };
		11398FB8201F6FEF00792D31 /* Assets.xcassets */ = {isa = PBXFileReference; lastKnownFileType = folder.assetcatalog; path = Assets.xcassets; sourceTree = "<group>"; };
		11398FBB201F6FF000792D31 /* Base */ = {isa = PBXFileReference; lastKnownFileType = file.storyboard; name = Base; path = Base.lproj/LaunchScreen.storyboard; sourceTree = "<group>"; };
		11398FBD201F6FF000792D31 /* Info.plist */ = {isa = PBXFileReference; lastKnownFileType = text.plist.xml; path = Info.plist; sourceTree = "<group>"; };
		11398FC2201F6FF000792D31 /* SouvenirTests.xctest */ = {isa = PBXFileReference; explicitFileType = wrapper.cfbundle; includeInIndex = 0; path = SouvenirTests.xctest; sourceTree = BUILT_PRODUCTS_DIR; };
		11398FC6201F6FF000792D31 /* SouvenirTests.swift */ = {isa = PBXFileReference; lastKnownFileType = sourcecode.swift; path = SouvenirTests.swift; sourceTree = "<group>"; };
		11398FC8201F6FF000792D31 /* Info.plist */ = {isa = PBXFileReference; lastKnownFileType = text.plist.xml; path = Info.plist; sourceTree = "<group>"; };
		11398FD6201F76A700792D31 /* MainViewPresenter.swift */ = {isa = PBXFileReference; lastKnownFileType = sourcecode.swift; path = MainViewPresenter.swift; sourceTree = "<group>"; };
		11633B9020204D8000E6379F /* DIN Pro Condensed Bold.otf */ = {isa = PBXFileReference; lastKnownFileType = file; path = "DIN Pro Condensed Bold.otf"; sourceTree = "<group>"; };
		11633B9420204E5200E6379F /* UIColor+Hex.swift */ = {isa = PBXFileReference; fileEncoding = 4; lastKnownFileType = sourcecode.swift; path = "UIColor+Hex.swift"; sourceTree = "<group>"; };
		11633B9620204E5200E6379F /* UIImage+Color.swift */ = {isa = PBXFileReference; fileEncoding = 4; lastKnownFileType = sourcecode.swift; path = "UIImage+Color.swift"; sourceTree = "<group>"; };
		11633B9C2020504A00E6379F /* UIButton+Style.swift */ = {isa = PBXFileReference; lastKnownFileType = sourcecode.swift; path = "UIButton+Style.swift"; sourceTree = "<group>"; };
		11633B9F2020509600E6379F /* Colors.swift */ = {isa = PBXFileReference; lastKnownFileType = sourcecode.swift; path = Colors.swift; sourceTree = "<group>"; };
		11633BA12020510B00E6379F /* Fonts.swift */ = {isa = PBXFileReference; lastKnownFileType = sourcecode.swift; path = Fonts.swift; sourceTree = "<group>"; };
		11633BA4202058D200E6379F /* SouvenirView.swift */ = {isa = PBXFileReference; lastKnownFileType = sourcecode.swift; path = SouvenirView.swift; sourceTree = "<group>"; };
		11633BA6202058DD00E6379F /* SouvenirView.xib */ = {isa = PBXFileReference; lastKnownFileType = file.xib; path = SouvenirView.xib; sourceTree = "<group>"; };
		11633BAA2020593A00E6379F /* BaseView.swift */ = {isa = PBXFileReference; fileEncoding = 4; lastKnownFileType = sourcecode.swift; path = BaseView.swift; sourceTree = "<group>"; };
		1173A9AC20235726000CA598 /* MainModel.swift */ = {isa = PBXFileReference; lastKnownFileType = sourcecode.swift; path = MainModel.swift; sourceTree = "<group>"; };
		1173A9AE20235743000CA598 /* MainView.swift */ = {isa = PBXFileReference; lastKnownFileType = sourcecode.swift; path = MainView.swift; sourceTree = "<group>"; };
		1173A9B02023575B000CA598 /* SouvenirType.swift */ = {isa = PBXFileReference; lastKnownFileType = sourcecode.swift; path = SouvenirType.swift; sourceTree = "<group>"; };
		1173A9B220235773000CA598 /* Currency.swift */ = {isa = PBXFileReference; lastKnownFileType = sourcecode.swift; path = Currency.swift; sourceTree = "<group>"; };
		1175E7472020F509003D577E /* EdgeInsetLabel.swift */ = {isa = PBXFileReference; lastKnownFileType = sourcecode.swift; path = EdgeInsetLabel.swift; sourceTree = "<group>"; };
		11882D51203029F10052A12C /* AppConfig.swift */ = {isa = PBXFileReference; lastKnownFileType = sourcecode.swift; path = AppConfig.swift; sourceTree = "<group>"; };
		11882D5320302A470052A12C /* AppConfig+StripeConfig.swift */ = {isa = PBXFileReference; lastKnownFileType = sourcecode.swift; path = "AppConfig+StripeConfig.swift"; sourceTree = "<group>"; };
		119334E4203073C500B3CAEE /* LoaderViewController.swift */ = {isa = PBXFileReference; lastKnownFileType = sourcecode.swift; path = LoaderViewController.swift; sourceTree = "<group>"; };
		119334E620307BC900B3CAEE /* CardStorage.swift */ = {isa = PBXFileReference; lastKnownFileType = sourcecode.swift; path = CardStorage.swift; sourceTree = "<group>"; };
		119334E8203080CB00B3CAEE /* StripeStorage.swift */ = {isa = PBXFileReference; lastKnownFileType = sourcecode.swift; path = StripeStorage.swift; sourceTree = "<group>"; };
		11B3B2DB202E067700054367 /* CardDescription.swift */ = {isa = PBXFileReference; lastKnownFileType = sourcecode.swift; path = CardDescription.swift; sourceTree = "<group>"; };
		11B3B2DF202E06CB00054367 /* CardDataStorageDescription.swift */ = {isa = PBXFileReference; lastKnownFileType = sourcecode.swift; path = CardDataStorageDescription.swift; sourceTree = "<group>"; };
		11B3B2E3202F151400054367 /* CardPickerViewController+UITableViewDataSource.swift */ = {isa = PBXFileReference; lastKnownFileType = sourcecode.swift; path = "CardPickerViewController+UITableViewDataSource.swift"; sourceTree = "<group>"; };
		11B3B2E5202F156300054367 /* CardPickerViewController+UITableViewDelegate.swift */ = {isa = PBXFileReference; lastKnownFileType = sourcecode.swift; path = "CardPickerViewController+UITableViewDelegate.swift"; sourceTree = "<group>"; };
		11B3B2E7202F158800054367 /* CardPickerViewController+CardPickerView.swift */ = {isa = PBXFileReference; lastKnownFileType = sourcecode.swift; path = "CardPickerViewController+CardPickerView.swift"; sourceTree = "<group>"; };
		11B3B2E9202F15D100054367 /* MainViewController+MainView.swift */ = {isa = PBXFileReference; lastKnownFileType = sourcecode.swift; path = "MainViewController+MainView.swift"; sourceTree = "<group>"; };
		11B3B2EF202F18F100054367 /* AddNewCard.storyboard */ = {isa = PBXFileReference; lastKnownFileType = file.storyboard; path = AddNewCard.storyboard; sourceTree = "<group>"; };
		11B3B2F1202F190900054367 /* AddNewCardViewController.swift */ = {isa = PBXFileReference; lastKnownFileType = sourcecode.swift; path = AddNewCardViewController.swift; sourceTree = "<group>"; };
		11B3B2F4202F3D1A00054367 /* StripeManager.swift */ = {isa = PBXFileReference; lastKnownFileType = sourcecode.swift; path = StripeManager.swift; sourceTree = "<group>"; };
		11C620C3202CDC5C00BEB2BB /* CardCell.swift */ = {isa = PBXFileReference; lastKnownFileType = sourcecode.swift; path = CardCell.swift; sourceTree = "<group>"; };
		11C620CA202DA52000BEB2BB /* BaseCellModel.swift */ = {isa = PBXFileReference; fileEncoding = 4; lastKnownFileType = sourcecode.swift; path = BaseCellModel.swift; sourceTree = "<group>"; };
		11C620CB202DA52000BEB2BB /* CellModelInterface.swift */ = {isa = PBXFileReference; fileEncoding = 4; lastKnownFileType = sourcecode.swift; path = CellModelInterface.swift; sourceTree = "<group>"; };
		11C620CC202DA52000BEB2BB /* DescribeReusable.swift */ = {isa = PBXFileReference; fileEncoding = 4; lastKnownFileType = sourcecode.swift; path = DescribeReusable.swift; sourceTree = "<group>"; };
		11C620CD202DA52000BEB2BB /* HeightConfigurable.swift */ = {isa = PBXFileReference; fileEncoding = 4; lastKnownFileType = sourcecode.swift; path = HeightConfigurable.swift; sourceTree = "<group>"; };
		11C620CF202DA52000BEB2BB /* NibLoadable.swift */ = {isa = PBXFileReference; fileEncoding = 4; lastKnownFileType = sourcecode.swift; path = NibLoadable.swift; sourceTree = "<group>"; };
		11C620D0202DA52000BEB2BB /* NibReusable.swift */ = {isa = PBXFileReference; fileEncoding = 4; lastKnownFileType = sourcecode.swift; path = NibReusable.swift; sourceTree = "<group>"; };
		11C620D1202DA52000BEB2BB /* Reusable.swift */ = {isa = PBXFileReference; fileEncoding = 4; lastKnownFileType = sourcecode.swift; path = Reusable.swift; sourceTree = "<group>"; };
		11C620D2202DA52000BEB2BB /* UITableView+Reusable.swift */ = {isa = PBXFileReference; fileEncoding = 4; lastKnownFileType = sourcecode.swift; path = "UITableView+Reusable.swift"; sourceTree = "<group>"; };
		11C620D3202DA52000BEB2BB /* UITableViewCell+Reusable.swift */ = {isa = PBXFileReference; fileEncoding = 4; lastKnownFileType = sourcecode.swift; path = "UITableViewCell+Reusable.swift"; sourceTree = "<group>"; };
		11C620D5202DA52000BEB2BB /* BaseCell.swift */ = {isa = PBXFileReference; fileEncoding = 4; lastKnownFileType = sourcecode.swift; path = BaseCell.swift; sourceTree = "<group>"; };
		11C620D6202DA52000BEB2BB /* CellInterface.swift */ = {isa = PBXFileReference; fileEncoding = 4; lastKnownFileType = sourcecode.swift; path = CellInterface.swift; sourceTree = "<group>"; };
		11C620E2202DA5C700BEB2BB /* AnyCell.swift */ = {isa = PBXFileReference; lastKnownFileType = sourcecode.swift; path = AnyCell.swift; sourceTree = "<group>"; };
		11C620E4202DA83A00BEB2BB /* AddNewCardCell.swift */ = {isa = PBXFileReference; lastKnownFileType = sourcecode.swift; path = AddNewCardCell.swift; sourceTree = "<group>"; };
		11C620E6202DA8CB00BEB2BB /* AddNewCardCell.xib */ = {isa = PBXFileReference; lastKnownFileType = file.xib; path = AddNewCardCell.xib; sourceTree = "<group>"; };
		11F8A599202DB92E009A364C /* CardCell.xib */ = {isa = PBXFileReference; fileEncoding = 4; lastKnownFileType = file.xib; path = CardCell.xib; sourceTree = "<group>"; };
		541746EFE9B240B5E0CC0A90 /* Pods_SouvenirTests.framework */ = {isa = PBXFileReference; explicitFileType = wrapper.framework; includeInIndex = 0; path = Pods_SouvenirTests.framework; sourceTree = BUILT_PRODUCTS_DIR; };
		85130997D76FD05291B1B8E8 /* Pods_Souvenir.framework */ = {isa = PBXFileReference; explicitFileType = wrapper.framework; includeInIndex = 0; path = Pods_Souvenir.framework; sourceTree = BUILT_PRODUCTS_DIR; };
		8B763A36689804EA3CCA3037 /* Pods-SouvenirTests.debug.xcconfig */ = {isa = PBXFileReference; includeInIndex = 1; lastKnownFileType = text.xcconfig; name = "Pods-SouvenirTests.debug.xcconfig"; path = "Pods/Target Support Files/Pods-SouvenirTests/Pods-SouvenirTests.debug.xcconfig"; sourceTree = "<group>"; };
		97598764451077E0E06AF986 /* Pods-Souvenir.release.xcconfig */ = {isa = PBXFileReference; includeInIndex = 1; lastKnownFileType = text.xcconfig; name = "Pods-Souvenir.release.xcconfig"; path = "Pods/Target Support Files/Pods-Souvenir/Pods-Souvenir.release.xcconfig"; sourceTree = "<group>"; };
		B3EBC10A8D60CCCE8B684BFF /* Pods-SouvenirTests.release.xcconfig */ = {isa = PBXFileReference; includeInIndex = 1; lastKnownFileType = text.xcconfig; name = "Pods-SouvenirTests.release.xcconfig"; path = "Pods/Target Support Files/Pods-SouvenirTests/Pods-SouvenirTests.release.xcconfig"; sourceTree = "<group>"; };
		B93ED1445E9998F79CA65219 /* Pods-Souvenir.debug.xcconfig */ = {isa = PBXFileReference; includeInIndex = 1; lastKnownFileType = text.xcconfig; name = "Pods-Souvenir.debug.xcconfig"; path = "Pods/Target Support Files/Pods-Souvenir/Pods-Souvenir.debug.xcconfig"; sourceTree = "<group>"; };
/* End PBXFileReference section */

/* Begin PBXFrameworksBuildPhase section */
		11398FAB201F6FEF00792D31 /* Frameworks */ = {
			isa = PBXFrameworksBuildPhase;
			buildActionMask = 2147483647;
			files = (
				01D5ACE752B17AB79E958200 /* Pods_Souvenir.framework in Frameworks */,
			);
			runOnlyForDeploymentPostprocessing = 0;
		};
		11398FBF201F6FF000792D31 /* Frameworks */ = {
			isa = PBXFrameworksBuildPhase;
			buildActionMask = 2147483647;
			files = (
				387B73158025AF2C377C44F5 /* Pods_SouvenirTests.framework in Frameworks */,
			);
			runOnlyForDeploymentPostprocessing = 0;
		};
/* End PBXFrameworksBuildPhase section */

/* Begin PBXGroup section */
		1113B7C8202C86350072DF49 /* Resources */ = {
			isa = PBXGroup;
			children = (
				1113B7C9202C86350072DF49 /* R.generated.swift */,
			);
			path = Resources;
			sourceTree = "<group>";
		};
		1113B7CB202C87790072DF49 /* Transitions */ = {
			isa = PBXGroup;
			children = (
				1113B7CC202C878A0072DF49 /* TransitionManager.swift */,
				1113B7D5202CA3600072DF49 /* CustomFrameTransitionManager.swift */,
				1113B7CE202C88AD0072DF49 /* SlideTransitionAnimator.swift */,
				1113B7D3202C8F9D0072DF49 /* FramePresentationController.swift */,
			);
			path = Transitions;
			sourceTree = "<group>";
		};
		1113B7D0202C8A290072DF49 /* UIViewController */ = {
			isa = PBXGroup;
			children = (
				1113B7D1202C8A360072DF49 /* BaseViewController.swift */,
				119334E4203073C500B3CAEE /* LoaderViewController.swift */,
			);
			path = UIViewController;
			sourceTree = "<group>";
		};
		1113B7D9202CADA50072DF49 /* Presenter */ = {
			isa = PBXGroup;
			children = (
				1113B7DB202CADC30072DF49 /* CardPickerViewPresenter.swift */,
				1113B7E0202CAE110072DF49 /* CardPickerView.swift */,
			);
			path = Presenter;
			sourceTree = "<group>";
		};
		1113B7DA202CADAF0072DF49 /* View */ = {
			isa = PBXGroup;
			children = (
				11C620C2202CDC1100BEB2BB /* Cells */,
				1113B7C1202C829A0072DF49 /* CardPickerViewController.swift */,
				11B3B2E3202F151400054367 /* CardPickerViewController+UITableViewDataSource.swift */,
				11B3B2E5202F156300054367 /* CardPickerViewController+UITableViewDelegate.swift */,
				11B3B2E7202F158800054367 /* CardPickerViewController+CardPickerView.swift */,
				1113B7C6202C85CD0072DF49 /* CardPicker.storyboard */,
			);
			path = View;
			sourceTree = "<group>";
		};
		1113B7DD202CADE70072DF49 /* Model */ = {
			isa = PBXGroup;
			children = (
				1113B7DE202CADF60072DF49 /* CardPickerModel.swift */,
			);
			path = Model;
			sourceTree = "<group>";
		};
		11398FA5201F6FEF00792D31 = {
			isa = PBXGroup;
			children = (
				1113B7C3202C84DD0072DF49 /* .rswiftignore */,
				11398FB0201F6FEF00792D31 /* Souvenir */,
				11398FC5201F6FF000792D31 /* SouvenirTests */,
				11398FAF201F6FEF00792D31 /* Products */,
				5DB17BD7167C723769CE48AE /* Pods */,
				E83947C8D8867EAF8A3719C6 /* Frameworks */,
			);
			sourceTree = "<group>";
		};
		11398FAF201F6FEF00792D31 /* Products */ = {
			isa = PBXGroup;
			children = (
				11398FAE201F6FEF00792D31 /* Souvenir.app */,
				11398FC2201F6FF000792D31 /* SouvenirTests.xctest */,
			);
			name = Products;
			sourceTree = "<group>";
		};
		11398FB0201F6FEF00792D31 /* Souvenir */ = {
			isa = PBXGroup;
			children = (
				11633B9E2020508B00E6379F /* General */,
				11B3B2F3202F3D0D00054367 /* Network */,
				1146639B202A330500C1E2B1 /* Storage */,
				11398FD3201F765B00792D31 /* Screen */,
				11398FD2201F70EB00792D31 /* UI */,
				11633BA82020591700E6379F /* CustomUI */,
				11633B9220204E2000E6379F /* Extensions */,
				1113B7C8202C86350072DF49 /* Resources */,
				11398FD1201F70C700792D31 /* Supporting Files */,
			);
			path = Souvenir;
			sourceTree = "<group>";
		};
		11398FC5201F6FF000792D31 /* SouvenirTests */ = {
			isa = PBXGroup;
			children = (
				11398FC6201F6FF000792D31 /* SouvenirTests.swift */,
				11398FC8201F6FF000792D31 /* Info.plist */,
			);
			path = SouvenirTests;
			sourceTree = "<group>";
		};
		11398FD1201F70C700792D31 /* Supporting Files */ = {
			isa = PBXGroup;
			children = (
				11633B8F20204D6D00E6379F /* Fonts */,
				11398FB1201F6FEF00792D31 /* AppDelegate.swift */,
				11398FB8201F6FEF00792D31 /* Assets.xcassets */,
				11398FBA201F6FF000792D31 /* LaunchScreen.storyboard */,
				11398FBD201F6FF000792D31 /* Info.plist */,
			);
			path = "Supporting Files";
			sourceTree = "<group>";
		};
		11398FD2201F70EB00792D31 /* UI */ = {
			isa = PBXGroup;
			children = (
				11C620C7202DA51300BEB2BB /* TableMVC */,
				1113B7CB202C87790072DF49 /* Transitions */,
				11633BA3202058C000E6379F /* SouvenirView */,
			);
			path = UI;
			sourceTree = "<group>";
		};
		11398FD3201F765B00792D31 /* Screen */ = {
			isa = PBXGroup;
			children = (
				11398FD8201F76AA00792D31 /* Main */,
				1146639E202A39A200C1E2B1 /* CardPicker */,
				11B3B2EB202F185100054367 /* AddNewCard */,
			);
			path = Screen;
			sourceTree = "<group>";
		};
		11398FD4201F767600792D31 /* View */ = {
			isa = PBXGroup;
			children = (
				11398FB3201F6FEF00792D31 /* MainViewController.swift */,
				11B3B2E9202F15D100054367 /* MainViewController+MainView.swift */,
				11398FB5201F6FEF00792D31 /* Main.storyboard */,
			);
			path = View;
			sourceTree = "<group>";
		};
		11398FD5201F767E00792D31 /* Presenter */ = {
			isa = PBXGroup;
			children = (
				11398FD6201F76A700792D31 /* MainViewPresenter.swift */,
				1173A9AE20235743000CA598 /* MainView.swift */,
			);
			path = Presenter;
			sourceTree = "<group>";
		};
		11398FD8201F76AA00792D31 /* Main */ = {
			isa = PBXGroup;
			children = (
				1173A9AB20235713000CA598 /* Model */,
				11398FD5201F767E00792D31 /* Presenter */,
				11398FD4201F767600792D31 /* View */,
			);
			path = Main;
			sourceTree = "<group>";
		};
		1146639B202A330500C1E2B1 /* Storage */ = {
			isa = PBXGroup;
			children = (
				11B3B2DB202E067700054367 /* CardDescription.swift */,
				11B3B2DF202E06CB00054367 /* CardDataStorageDescription.swift */,
				119334E620307BC900B3CAEE /* CardStorage.swift */,
				119334E8203080CB00B3CAEE /* StripeStorage.swift */,
			);
			path = Storage;
			sourceTree = "<group>";
		};
		1146639E202A39A200C1E2B1 /* CardPicker */ = {
			isa = PBXGroup;
			children = (
				1113B7DD202CADE70072DF49 /* Model */,
				1113B7D9202CADA50072DF49 /* Presenter */,
				1113B7DA202CADAF0072DF49 /* View */,
			);
			path = CardPicker;
			sourceTree = "<group>";
		};
		11633B8F20204D6D00E6379F /* Fonts */ = {
			isa = PBXGroup;
			children = (
				11633B9020204D8000E6379F /* DIN Pro Condensed Bold.otf */,
			);
			path = Fonts;
			sourceTree = "<group>";
		};
		11633B9220204E2000E6379F /* Extensions */ = {
			isa = PBXGroup;
			children = (
				11633B9A2020503400E6379F /* Project */,
				11633B992020502A00E6379F /* Common */,
			);
			path = Extensions;
			sourceTree = "<group>";
		};
		11633B9320204E5200E6379F /* UIColor */ = {
			isa = PBXGroup;
			children = (
				11633B9420204E5200E6379F /* UIColor+Hex.swift */,
			);
			path = UIColor;
			sourceTree = "<group>";
		};
		11633B9520204E5200E6379F /* UIImage */ = {
			isa = PBXGroup;
			children = (
				11633B9620204E5200E6379F /* UIImage+Color.swift */,
			);
			path = UIImage;
			sourceTree = "<group>";
		};
		11633B992020502A00E6379F /* Common */ = {
			isa = PBXGroup;
			children = (
				11633B9320204E5200E6379F /* UIColor */,
				11633B9520204E5200E6379F /* UIImage */,
			);
			path = Common;
			sourceTree = "<group>";
		};
		11633B9A2020503400E6379F /* Project */ = {
			isa = PBXGroup;
			children = (
				11633B9B2020503C00E6379F /* Button */,
			);
			path = Project;
			sourceTree = "<group>";
		};
		11633B9B2020503C00E6379F /* Button */ = {
			isa = PBXGroup;
			children = (
				11633B9C2020504A00E6379F /* UIButton+Style.swift */,
			);
			path = Button;
			sourceTree = "<group>";
		};
		11633B9E2020508B00E6379F /* General */ = {
			isa = PBXGroup;
			children = (
				11633B9F2020509600E6379F /* Colors.swift */,
				11633BA12020510B00E6379F /* Fonts.swift */,
				11882D51203029F10052A12C /* AppConfig.swift */,
				11882D5320302A470052A12C /* AppConfig+StripeConfig.swift */,
			);
			path = General;
			sourceTree = "<group>";
		};
		11633BA3202058C000E6379F /* SouvenirView */ = {
			isa = PBXGroup;
			children = (
				11633BA4202058D200E6379F /* SouvenirView.swift */,
				11633BA6202058DD00E6379F /* SouvenirView.xib */,
			);
			path = SouvenirView;
			sourceTree = "<group>";
		};
		11633BA82020591700E6379F /* CustomUI */ = {
			isa = PBXGroup;
			children = (
				1113B7D0202C8A290072DF49 /* UIViewController */,
				1175E7462020F4F8003D577E /* UILabel */,
				11633BA92020592300E6379F /* UIView */,
			);
			path = CustomUI;
			sourceTree = "<group>";
		};
		11633BA92020592300E6379F /* UIView */ = {
			isa = PBXGroup;
			children = (
				11633BAA2020593A00E6379F /* BaseView.swift */,
			);
			path = UIView;
			sourceTree = "<group>";
		};
		1173A9AB20235713000CA598 /* Model */ = {
			isa = PBXGroup;
			children = (
				1173A9AC20235726000CA598 /* MainModel.swift */,
				1173A9B02023575B000CA598 /* SouvenirType.swift */,
				1173A9B220235773000CA598 /* Currency.swift */,
			);
			path = Model;
			sourceTree = "<group>";
		};
		1175E7462020F4F8003D577E /* UILabel */ = {
			isa = PBXGroup;
			children = (
				1175E7472020F509003D577E /* EdgeInsetLabel.swift */,
			);
			path = UILabel;
			sourceTree = "<group>";
		};
		11B3B2EB202F185100054367 /* AddNewCard */ = {
			isa = PBXGroup;
			children = (
				11B3B2EC202F186400054367 /* Model */,
				11B3B2ED202F186900054367 /* Presenter */,
				11B3B2EE202F187000054367 /* View */,
			);
			path = AddNewCard;
			sourceTree = "<group>";
		};
		11B3B2EC202F186400054367 /* Model */ = {
			isa = PBXGroup;
			children = (
			);
			path = Model;
			sourceTree = "<group>";
		};
		11B3B2ED202F186900054367 /* Presenter */ = {
			isa = PBXGroup;
			children = (
			);
			path = Presenter;
			sourceTree = "<group>";
		};
		11B3B2EE202F187000054367 /* View */ = {
			isa = PBXGroup;
			children = (
				11B3B2F1202F190900054367 /* AddNewCardViewController.swift */,
				11B3B2EF202F18F100054367 /* AddNewCard.storyboard */,
			);
			path = View;
			sourceTree = "<group>";
		};
		11B3B2F3202F3D0D00054367 /* Network */ = {
			isa = PBXGroup;
			children = (
				11B3B2F4202F3D1A00054367 /* StripeManager.swift */,
			);
			path = Network;
			sourceTree = "<group>";
		};
		11C620C2202CDC1100BEB2BB /* Cells */ = {
			isa = PBXGroup;
			children = (
				11C620C3202CDC5C00BEB2BB /* CardCell.swift */,
				11F8A599202DB92E009A364C /* CardCell.xib */,
				11C620E4202DA83A00BEB2BB /* AddNewCardCell.swift */,
				11C620E6202DA8CB00BEB2BB /* AddNewCardCell.xib */,
			);
			path = Cells;
			sourceTree = "<group>";
		};
		11C620C7202DA51300BEB2BB /* TableMVC */ = {
			isa = PBXGroup;
			children = (
				11C620E2202DA5C700BEB2BB /* AnyCell.swift */,
				11C620C8202DA52000BEB2BB /* Cell */,
			);
			path = TableMVC;
			sourceTree = "<group>";
		};
		11C620C8202DA52000BEB2BB /* Cell */ = {
			isa = PBXGroup;
			children = (
				11C620C9202DA52000BEB2BB /* Model */,
				11C620CE202DA52000BEB2BB /* Reusable */,
				11C620D4202DA52000BEB2BB /* View */,
			);
			path = Cell;
			sourceTree = "<group>";
		};
		11C620C9202DA52000BEB2BB /* Model */ = {
			isa = PBXGroup;
			children = (
				11C620CA202DA52000BEB2BB /* BaseCellModel.swift */,
				11C620CB202DA52000BEB2BB /* CellModelInterface.swift */,
				11C620CC202DA52000BEB2BB /* DescribeReusable.swift */,
				11C620CD202DA52000BEB2BB /* HeightConfigurable.swift */,
			);
			path = Model;
			sourceTree = "<group>";
		};
		11C620CE202DA52000BEB2BB /* Reusable */ = {
			isa = PBXGroup;
			children = (
				11C620CF202DA52000BEB2BB /* NibLoadable.swift */,
				11C620D0202DA52000BEB2BB /* NibReusable.swift */,
				11C620D1202DA52000BEB2BB /* Reusable.swift */,
				11C620D2202DA52000BEB2BB /* UITableView+Reusable.swift */,
				11C620D3202DA52000BEB2BB /* UITableViewCell+Reusable.swift */,
			);
			path = Reusable;
			sourceTree = "<group>";
		};
		11C620D4202DA52000BEB2BB /* View */ = {
			isa = PBXGroup;
			children = (
				11C620D5202DA52000BEB2BB /* BaseCell.swift */,
				11C620D6202DA52000BEB2BB /* CellInterface.swift */,
			);
			path = View;
			sourceTree = "<group>";
		};
		5DB17BD7167C723769CE48AE /* Pods */ = {
			isa = PBXGroup;
			children = (
				B93ED1445E9998F79CA65219 /* Pods-Souvenir.debug.xcconfig */,
				97598764451077E0E06AF986 /* Pods-Souvenir.release.xcconfig */,
				8B763A36689804EA3CCA3037 /* Pods-SouvenirTests.debug.xcconfig */,
				B3EBC10A8D60CCCE8B684BFF /* Pods-SouvenirTests.release.xcconfig */,
			);
			name = Pods;
			sourceTree = "<group>";
		};
		E83947C8D8867EAF8A3719C6 /* Frameworks */ = {
			isa = PBXGroup;
			children = (
				85130997D76FD05291B1B8E8 /* Pods_Souvenir.framework */,
				541746EFE9B240B5E0CC0A90 /* Pods_SouvenirTests.framework */,
			);
			name = Frameworks;
			sourceTree = "<group>";
		};
/* End PBXGroup section */

/* Begin PBXNativeTarget section */
		11398FAD201F6FEF00792D31 /* Souvenir */ = {
			isa = PBXNativeTarget;
			buildConfigurationList = 11398FCB201F6FF000792D31 /* Build configuration list for PBXNativeTarget "Souvenir" */;
			buildPhases = (
				406867B90CFF825C3C9F8951 /* [CP] Check Pods Manifest.lock */,
				11398FAA201F6FEF00792D31 /* Sources */,
				11398FAB201F6FEF00792D31 /* Frameworks */,
				11398FAC201F6FEF00792D31 /* Resources */,
				0AFED08753A0F44D6D1E8B9C /* [CP] Embed Pods Frameworks */,
				8B8116482C9FA02F2386BFA8 /* [CP] Copy Pods Resources */,
				1113B7C5202C85640072DF49 /* R.swift */,
			);
			buildRules = (
			);
			dependencies = (
			);
			name = Souvenir;
			productName = Souvenir;
			productReference = 11398FAE201F6FEF00792D31 /* Souvenir.app */;
			productType = "com.apple.product-type.application";
		};
		11398FC1201F6FF000792D31 /* SouvenirTests */ = {
			isa = PBXNativeTarget;
			buildConfigurationList = 11398FCE201F6FF000792D31 /* Build configuration list for PBXNativeTarget "SouvenirTests" */;
			buildPhases = (
				A4BAAA309400E76DA4D8543C /* [CP] Check Pods Manifest.lock */,
				11398FBE201F6FF000792D31 /* Sources */,
				11398FBF201F6FF000792D31 /* Frameworks */,
				11398FC0201F6FF000792D31 /* Resources */,
				D5C7BA650EC1EBB7A32A99BA /* [CP] Embed Pods Frameworks */,
				D6DF1CE0223126AB764F3F42 /* [CP] Copy Pods Resources */,
			);
			buildRules = (
			);
			dependencies = (
				11398FC4201F6FF000792D31 /* PBXTargetDependency */,
			);
			name = SouvenirTests;
			productName = SouvenirTests;
			productReference = 11398FC2201F6FF000792D31 /* SouvenirTests.xctest */;
			productType = "com.apple.product-type.bundle.unit-test";
		};
/* End PBXNativeTarget section */

/* Begin PBXProject section */
		11398FA6201F6FEF00792D31 /* Project object */ = {
			isa = PBXProject;
			attributes = {
				LastSwiftUpdateCheck = 0910;
				LastUpgradeCheck = 0910;
				ORGANIZATIONNAME = "Vyacheslav Khorkov";
				TargetAttributes = {
					11398FAD201F6FEF00792D31 = {
						CreatedOnToolsVersion = 9.1;
						ProvisioningStyle = Automatic;
					};
					11398FC1201F6FF000792D31 = {
						CreatedOnToolsVersion = 9.1;
						ProvisioningStyle = Automatic;
						TestTargetID = 11398FAD201F6FEF00792D31;
					};
				};
			};
			buildConfigurationList = 11398FA9201F6FEF00792D31 /* Build configuration list for PBXProject "Souvenir" */;
			compatibilityVersion = "Xcode 8.0";
			developmentRegion = en;
			hasScannedForEncodings = 0;
			knownRegions = (
				en,
				Base,
			);
			mainGroup = 11398FA5201F6FEF00792D31;
			productRefGroup = 11398FAF201F6FEF00792D31 /* Products */;
			projectDirPath = "";
			projectRoot = "";
			targets = (
				11398FAD201F6FEF00792D31 /* Souvenir */,
				11398FC1201F6FF000792D31 /* SouvenirTests */,
			);
		};
/* End PBXProject section */

/* Begin PBXResourcesBuildPhase section */
		11398FAC201F6FEF00792D31 /* Resources */ = {
			isa = PBXResourcesBuildPhase;
			buildActionMask = 2147483647;
			files = (
				11633BA7202058DD00E6379F /* SouvenirView.xib in Resources */,
				11B3B2F0202F18F100054367 /* AddNewCard.storyboard in Resources */,
				11398FBC201F6FF000792D31 /* LaunchScreen.storyboard in Resources */,
				11633B9120204D8000E6379F /* DIN Pro Condensed Bold.otf in Resources */,
				1113B7C4202C84DD0072DF49 /* .rswiftignore in Resources */,
				1113B7C7202C85CD0072DF49 /* CardPicker.storyboard in Resources */,
				11C620E7202DA8CB00BEB2BB /* AddNewCardCell.xib in Resources */,
				11F8A59A202DB92E009A364C /* CardCell.xib in Resources */,
				11398FB9201F6FEF00792D31 /* Assets.xcassets in Resources */,
				11398FB7201F6FEF00792D31 /* Main.storyboard in Resources */,
			);
			runOnlyForDeploymentPostprocessing = 0;
		};
		11398FC0201F6FF000792D31 /* Resources */ = {
			isa = PBXResourcesBuildPhase;
			buildActionMask = 2147483647;
			files = (
			);
			runOnlyForDeploymentPostprocessing = 0;
		};
/* End PBXResourcesBuildPhase section */

/* Begin PBXShellScriptBuildPhase section */
		0AFED08753A0F44D6D1E8B9C /* [CP] Embed Pods Frameworks */ = {
			isa = PBXShellScriptBuildPhase;
			buildActionMask = 2147483647;
			files = (
			);
			inputPaths = (
				"${SRCROOT}/Pods/Target Support Files/Pods-Souvenir/Pods-Souvenir-frameworks.sh",
				"${BUILT_PRODUCTS_DIR}/Alamofire/Alamofire.framework",
				"${BUILT_PRODUCTS_DIR}/Locksmith/Locksmith.framework",
				"${BUILT_PRODUCTS_DIR}/R.swift.Library/Rswift.framework",
				"${BUILT_PRODUCTS_DIR}/Stripe/Stripe.framework",
			);
			name = "[CP] Embed Pods Frameworks";
			outputPaths = (
				"${TARGET_BUILD_DIR}/${FRAMEWORKS_FOLDER_PATH}/Alamofire.framework",
				"${TARGET_BUILD_DIR}/${FRAMEWORKS_FOLDER_PATH}/Locksmith.framework",
				"${TARGET_BUILD_DIR}/${FRAMEWORKS_FOLDER_PATH}/Rswift.framework",
				"${TARGET_BUILD_DIR}/${FRAMEWORKS_FOLDER_PATH}/Stripe.framework",
			);
			runOnlyForDeploymentPostprocessing = 0;
			shellPath = /bin/sh;
			shellScript = "\"${SRCROOT}/Pods/Target Support Files/Pods-Souvenir/Pods-Souvenir-frameworks.sh\"\n";
			showEnvVarsInLog = 0;
		};
		1113B7C5202C85640072DF49 /* R.swift */ = {
			isa = PBXShellScriptBuildPhase;
			buildActionMask = 2147483647;
			files = (
			);
			inputPaths = (
			);
			name = R.swift;
			outputPaths = (
			);
			runOnlyForDeploymentPostprocessing = 0;
			shellPath = /bin/sh;
			shellScript = "mkdir -p \"$SRCROOT/Souvenir/Resources\"\n\"$PODS_ROOT/R.swift/rswift\" generate \"$SRCROOT/Souvenir/Resources\"";
		};
		406867B90CFF825C3C9F8951 /* [CP] Check Pods Manifest.lock */ = {
			isa = PBXShellScriptBuildPhase;
			buildActionMask = 2147483647;
			files = (
			);
			inputPaths = (
				"${PODS_PODFILE_DIR_PATH}/Podfile.lock",
				"${PODS_ROOT}/Manifest.lock",
			);
			name = "[CP] Check Pods Manifest.lock";
			outputPaths = (
				"$(DERIVED_FILE_DIR)/Pods-Souvenir-checkManifestLockResult.txt",
			);
			runOnlyForDeploymentPostprocessing = 0;
			shellPath = /bin/sh;
			shellScript = "diff \"${PODS_PODFILE_DIR_PATH}/Podfile.lock\" \"${PODS_ROOT}/Manifest.lock\" > /dev/null\nif [ $? != 0 ] ; then\n    # print error to STDERR\n    echo \"error: The sandbox is not in sync with the Podfile.lock. Run 'pod install' or update your CocoaPods installation.\" >&2\n    exit 1\nfi\n# This output is used by Xcode 'outputs' to avoid re-running this script phase.\necho \"SUCCESS\" > \"${SCRIPT_OUTPUT_FILE_0}\"\n";
			showEnvVarsInLog = 0;
		};
		8B8116482C9FA02F2386BFA8 /* [CP] Copy Pods Resources */ = {
			isa = PBXShellScriptBuildPhase;
			buildActionMask = 2147483647;
			files = (
			);
			inputPaths = (
			);
			name = "[CP] Copy Pods Resources";
			outputPaths = (
			);
			runOnlyForDeploymentPostprocessing = 0;
			shellPath = /bin/sh;
			shellScript = "\"${SRCROOT}/Pods/Target Support Files/Pods-Souvenir/Pods-Souvenir-resources.sh\"\n";
			showEnvVarsInLog = 0;
		};
		A4BAAA309400E76DA4D8543C /* [CP] Check Pods Manifest.lock */ = {
			isa = PBXShellScriptBuildPhase;
			buildActionMask = 2147483647;
			files = (
			);
			inputPaths = (
				"${PODS_PODFILE_DIR_PATH}/Podfile.lock",
				"${PODS_ROOT}/Manifest.lock",
			);
			name = "[CP] Check Pods Manifest.lock";
			outputPaths = (
				"$(DERIVED_FILE_DIR)/Pods-SouvenirTests-checkManifestLockResult.txt",
			);
			runOnlyForDeploymentPostprocessing = 0;
			shellPath = /bin/sh;
			shellScript = "diff \"${PODS_PODFILE_DIR_PATH}/Podfile.lock\" \"${PODS_ROOT}/Manifest.lock\" > /dev/null\nif [ $? != 0 ] ; then\n    # print error to STDERR\n    echo \"error: The sandbox is not in sync with the Podfile.lock. Run 'pod install' or update your CocoaPods installation.\" >&2\n    exit 1\nfi\n# This output is used by Xcode 'outputs' to avoid re-running this script phase.\necho \"SUCCESS\" > \"${SCRIPT_OUTPUT_FILE_0}\"\n";
			showEnvVarsInLog = 0;
		};
		D5C7BA650EC1EBB7A32A99BA /* [CP] Embed Pods Frameworks */ = {
			isa = PBXShellScriptBuildPhase;
			buildActionMask = 2147483647;
			files = (
			);
			inputPaths = (
			);
			name = "[CP] Embed Pods Frameworks";
			outputPaths = (
			);
			runOnlyForDeploymentPostprocessing = 0;
			shellPath = /bin/sh;
			shellScript = "\"${SRCROOT}/Pods/Target Support Files/Pods-SouvenirTests/Pods-SouvenirTests-frameworks.sh\"\n";
			showEnvVarsInLog = 0;
		};
		D6DF1CE0223126AB764F3F42 /* [CP] Copy Pods Resources */ = {
			isa = PBXShellScriptBuildPhase;
			buildActionMask = 2147483647;
			files = (
			);
			inputPaths = (
			);
			name = "[CP] Copy Pods Resources";
			outputPaths = (
			);
			runOnlyForDeploymentPostprocessing = 0;
			shellPath = /bin/sh;
			shellScript = "\"${SRCROOT}/Pods/Target Support Files/Pods-SouvenirTests/Pods-SouvenirTests-resources.sh\"\n";
			showEnvVarsInLog = 0;
		};
/* End PBXShellScriptBuildPhase section */

/* Begin PBXSourcesBuildPhase section */
		11398FAA201F6FEF00792D31 /* Sources */ = {
			isa = PBXSourcesBuildPhase;
			buildActionMask = 2147483647;
			files = (
				11B3B2F5202F3D1A00054367 /* StripeManager.swift in Sources */,
				11C620DD202DA52000BEB2BB /* Reusable.swift in Sources */,
				11B3B2DC202E067700054367 /* CardDescription.swift in Sources */,
				1113B7E1202CAE110072DF49 /* CardPickerView.swift in Sources */,
				119334E5203073C500B3CAEE /* LoaderViewController.swift in Sources */,
				11633BA5202058D200E6379F /* SouvenirView.swift in Sources */,
				1113B7D6202CA3600072DF49 /* CustomFrameTransitionManager.swift in Sources */,
				11C620DC202DA52000BEB2BB /* NibReusable.swift in Sources */,
				1173A9AF20235743000CA598 /* MainView.swift in Sources */,
				1113B7DC202CADC30072DF49 /* CardPickerViewPresenter.swift in Sources */,
				11C620D9202DA52000BEB2BB /* DescribeReusable.swift in Sources */,
				11B3B2E4202F151400054367 /* CardPickerViewController+UITableViewDataSource.swift in Sources */,
				11633BA22020510B00E6379F /* Fonts.swift in Sources */,
				119334E720307BC900B3CAEE /* CardStorage.swift in Sources */,
				11398FB4201F6FEF00792D31 /* MainViewController.swift in Sources */,
				1173A9B12023575B000CA598 /* SouvenirType.swift in Sources */,
				1113B7CA202C86350072DF49 /* R.generated.swift in Sources */,
				11C620DA202DA52000BEB2BB /* HeightConfigurable.swift in Sources */,
				11633B9820204E5200E6379F /* UIImage+Color.swift in Sources */,
				11B3B2EA202F15D100054367 /* MainViewController+MainView.swift in Sources */,
				1113B7D4202C8F9D0072DF49 /* FramePresentationController.swift in Sources */,
				1173A9B320235773000CA598 /* Currency.swift in Sources */,
				1113B7DF202CADF60072DF49 /* CardPickerModel.swift in Sources */,
				1113B7C2202C829A0072DF49 /* CardPickerViewController.swift in Sources */,
				11B3B2E8202F158800054367 /* CardPickerViewController+CardPickerView.swift in Sources */,
				11633B9720204E5200E6379F /* UIColor+Hex.swift in Sources */,
				11633BA02020509600E6379F /* Colors.swift in Sources */,
				11882D52203029F10052A12C /* AppConfig.swift in Sources */,
				11C620DE202DA52000BEB2BB /* UITableView+Reusable.swift in Sources */,
				11B3B2E6202F156300054367 /* CardPickerViewController+UITableViewDelegate.swift in Sources */,
				11633B9D2020504A00E6379F /* UIButton+Style.swift in Sources */,
				11B3B2F2202F190900054367 /* AddNewCardViewController.swift in Sources */,
				1113B7D2202C8A360072DF49 /* BaseViewController.swift in Sources */,
				11C620E3202DA5C700BEB2BB /* AnyCell.swift in Sources */,
				11C620C4202CDC5C00BEB2BB /* CardCell.swift in Sources */,
				1175E7482020F509003D577E /* EdgeInsetLabel.swift in Sources */,
				119334E9203080CB00B3CAEE /* StripeStorage.swift in Sources */,
				11B3B2E0202E06CB00054367 /* CardDataStorageDescription.swift in Sources */,
				1173A9AD20235726000CA598 /* MainModel.swift in Sources */,
				11C620E5202DA83A00BEB2BB /* AddNewCardCell.swift in Sources */,
				11C620E0202DA52000BEB2BB /* BaseCell.swift in Sources */,
				1113B7CD202C878A0072DF49 /* TransitionManager.swift in Sources */,
				11C620DB202DA52000BEB2BB /* NibLoadable.swift in Sources */,
				11633BAB2020593A00E6379F /* BaseView.swift in Sources */,
				11398FB2201F6FEF00792D31 /* AppDelegate.swift in Sources */,
				11C620D8202DA52000BEB2BB /* CellModelInterface.swift in Sources */,
				11882D5420302A470052A12C /* AppConfig+StripeConfig.swift in Sources */,
				11C620DF202DA52000BEB2BB /* UITableViewCell+Reusable.swift in Sources */,
				11398FD7201F76A700792D31 /* MainViewPresenter.swift in Sources */,
				11C620E1202DA52000BEB2BB /* CellInterface.swift in Sources */,
				11C620D7202DA52000BEB2BB /* BaseCellModel.swift in Sources */,
				1113B7CF202C88AE0072DF49 /* SlideTransitionAnimator.swift in Sources */,
			);
			runOnlyForDeploymentPostprocessing = 0;
		};
		11398FBE201F6FF000792D31 /* Sources */ = {
			isa = PBXSourcesBuildPhase;
			buildActionMask = 2147483647;
			files = (
				11398FC7201F6FF000792D31 /* SouvenirTests.swift in Sources */,
			);
			runOnlyForDeploymentPostprocessing = 0;
		};
/* End PBXSourcesBuildPhase section */

/* Begin PBXTargetDependency section */
		11398FC4201F6FF000792D31 /* PBXTargetDependency */ = {
			isa = PBXTargetDependency;
			target = 11398FAD201F6FEF00792D31 /* Souvenir */;
			targetProxy = 11398FC3201F6FF000792D31 /* PBXContainerItemProxy */;
		};
/* End PBXTargetDependency section */

/* Begin PBXVariantGroup section */
		11398FB5201F6FEF00792D31 /* Main.storyboard */ = {
			isa = PBXVariantGroup;
			children = (
				11398FB6201F6FEF00792D31 /* Base */,
			);
			name = Main.storyboard;
			sourceTree = "<group>";
		};
		11398FBA201F6FF000792D31 /* LaunchScreen.storyboard */ = {
			isa = PBXVariantGroup;
			children = (
				11398FBB201F6FF000792D31 /* Base */,
			);
			name = LaunchScreen.storyboard;
			sourceTree = "<group>";
		};
/* End PBXVariantGroup section */

/* Begin XCBuildConfiguration section */
		11398FC9201F6FF000792D31 /* Debug */ = {
			isa = XCBuildConfiguration;
			buildSettings = {
				ALWAYS_SEARCH_USER_PATHS = NO;
				CLANG_ANALYZER_NONNULL = YES;
				CLANG_ANALYZER_NUMBER_OBJECT_CONVERSION = YES_AGGRESSIVE;
				CLANG_CXX_LANGUAGE_STANDARD = "gnu++14";
				CLANG_CXX_LIBRARY = "libc++";
				CLANG_ENABLE_MODULES = YES;
				CLANG_ENABLE_OBJC_ARC = YES;
				CLANG_WARN_BLOCK_CAPTURE_AUTORELEASING = YES;
				CLANG_WARN_BOOL_CONVERSION = YES;
				CLANG_WARN_COMMA = YES;
				CLANG_WARN_CONSTANT_CONVERSION = YES;
				CLANG_WARN_DIRECT_OBJC_ISA_USAGE = YES_ERROR;
				CLANG_WARN_DOCUMENTATION_COMMENTS = YES;
				CLANG_WARN_EMPTY_BODY = YES;
				CLANG_WARN_ENUM_CONVERSION = YES;
				CLANG_WARN_INFINITE_RECURSION = YES;
				CLANG_WARN_INT_CONVERSION = YES;
				CLANG_WARN_NON_LITERAL_NULL_CONVERSION = YES;
				CLANG_WARN_OBJC_LITERAL_CONVERSION = YES;
				CLANG_WARN_OBJC_ROOT_CLASS = YES_ERROR;
				CLANG_WARN_RANGE_LOOP_ANALYSIS = YES;
				CLANG_WARN_STRICT_PROTOTYPES = YES;
				CLANG_WARN_SUSPICIOUS_MOVE = YES;
				CLANG_WARN_UNGUARDED_AVAILABILITY = YES_AGGRESSIVE;
				CLANG_WARN_UNREACHABLE_CODE = YES;
				CLANG_WARN__DUPLICATE_METHOD_MATCH = YES;
				CODE_SIGN_IDENTITY = "iPhone Developer";
				COPY_PHASE_STRIP = NO;
				DEBUG_INFORMATION_FORMAT = dwarf;
				ENABLE_STRICT_OBJC_MSGSEND = YES;
				ENABLE_TESTABILITY = YES;
				GCC_C_LANGUAGE_STANDARD = gnu11;
				GCC_DYNAMIC_NO_PIC = NO;
				GCC_NO_COMMON_BLOCKS = YES;
				GCC_OPTIMIZATION_LEVEL = 0;
				GCC_PREPROCESSOR_DEFINITIONS = (
					"DEBUG=1",
					"$(inherited)",
				);
				GCC_WARN_64_TO_32_BIT_CONVERSION = YES;
				GCC_WARN_ABOUT_RETURN_TYPE = YES_ERROR;
				GCC_WARN_UNDECLARED_SELECTOR = YES;
				GCC_WARN_UNINITIALIZED_AUTOS = YES_AGGRESSIVE;
				GCC_WARN_UNUSED_FUNCTION = YES;
				GCC_WARN_UNUSED_VARIABLE = YES;
				IPHONEOS_DEPLOYMENT_TARGET = 11.1;
				MTL_ENABLE_DEBUG_INFO = YES;
				ONLY_ACTIVE_ARCH = YES;
				SDKROOT = iphoneos;
				SWIFT_ACTIVE_COMPILATION_CONDITIONS = DEBUG;
				SWIFT_OPTIMIZATION_LEVEL = "-Onone";
			};
			name = Debug;
		};
		11398FCA201F6FF000792D31 /* Release */ = {
			isa = XCBuildConfiguration;
			buildSettings = {
				ALWAYS_SEARCH_USER_PATHS = NO;
				CLANG_ANALYZER_NONNULL = YES;
				CLANG_ANALYZER_NUMBER_OBJECT_CONVERSION = YES_AGGRESSIVE;
				CLANG_CXX_LANGUAGE_STANDARD = "gnu++14";
				CLANG_CXX_LIBRARY = "libc++";
				CLANG_ENABLE_MODULES = YES;
				CLANG_ENABLE_OBJC_ARC = YES;
				CLANG_WARN_BLOCK_CAPTURE_AUTORELEASING = YES;
				CLANG_WARN_BOOL_CONVERSION = YES;
				CLANG_WARN_COMMA = YES;
				CLANG_WARN_CONSTANT_CONVERSION = YES;
				CLANG_WARN_DIRECT_OBJC_ISA_USAGE = YES_ERROR;
				CLANG_WARN_DOCUMENTATION_COMMENTS = YES;
				CLANG_WARN_EMPTY_BODY = YES;
				CLANG_WARN_ENUM_CONVERSION = YES;
				CLANG_WARN_INFINITE_RECURSION = YES;
				CLANG_WARN_INT_CONVERSION = YES;
				CLANG_WARN_NON_LITERAL_NULL_CONVERSION = YES;
				CLANG_WARN_OBJC_LITERAL_CONVERSION = YES;
				CLANG_WARN_OBJC_ROOT_CLASS = YES_ERROR;
				CLANG_WARN_RANGE_LOOP_ANALYSIS = YES;
				CLANG_WARN_STRICT_PROTOTYPES = YES;
				CLANG_WARN_SUSPICIOUS_MOVE = YES;
				CLANG_WARN_UNGUARDED_AVAILABILITY = YES_AGGRESSIVE;
				CLANG_WARN_UNREACHABLE_CODE = YES;
				CLANG_WARN__DUPLICATE_METHOD_MATCH = YES;
				CODE_SIGN_IDENTITY = "iPhone Developer";
				COPY_PHASE_STRIP = NO;
				DEBUG_INFORMATION_FORMAT = "dwarf-with-dsym";
				ENABLE_NS_ASSERTIONS = NO;
				ENABLE_STRICT_OBJC_MSGSEND = YES;
				GCC_C_LANGUAGE_STANDARD = gnu11;
				GCC_NO_COMMON_BLOCKS = YES;
				GCC_WARN_64_TO_32_BIT_CONVERSION = YES;
				GCC_WARN_ABOUT_RETURN_TYPE = YES_ERROR;
				GCC_WARN_UNDECLARED_SELECTOR = YES;
				GCC_WARN_UNINITIALIZED_AUTOS = YES_AGGRESSIVE;
				GCC_WARN_UNUSED_FUNCTION = YES;
				GCC_WARN_UNUSED_VARIABLE = YES;
				IPHONEOS_DEPLOYMENT_TARGET = 11.1;
				MTL_ENABLE_DEBUG_INFO = NO;
				SDKROOT = iphoneos;
				SWIFT_OPTIMIZATION_LEVEL = "-Owholemodule";
				VALIDATE_PRODUCT = YES;
			};
			name = Release;
		};
		11398FCC201F6FF000792D31 /* Debug */ = {
			isa = XCBuildConfiguration;
			baseConfigurationReference = B93ED1445E9998F79CA65219 /* Pods-Souvenir.debug.xcconfig */;
			buildSettings = {
				ASSETCATALOG_COMPILER_APPICON_NAME = AppIcon;
				CODE_SIGN_STYLE = Automatic;
				INFOPLIST_FILE = "$(SRCROOT)/Souvenir/Supporting Files/Info.plist";
				LD_RUNPATH_SEARCH_PATHS = "$(inherited) @executable_path/Frameworks";
				PRODUCT_BUNDLE_IDENTIFIER = none.Souvenir;
				PRODUCT_NAME = "$(TARGET_NAME)";
				SWIFT_VERSION = 4.0;
				TARGETED_DEVICE_FAMILY = "1,2";
			};
			name = Debug;
		};
		11398FCD201F6FF000792D31 /* Release */ = {
			isa = XCBuildConfiguration;
			baseConfigurationReference = 97598764451077E0E06AF986 /* Pods-Souvenir.release.xcconfig */;
			buildSettings = {
				ASSETCATALOG_COMPILER_APPICON_NAME = AppIcon;
				CODE_SIGN_STYLE = Automatic;
				INFOPLIST_FILE = "$(SRCROOT)/Souvenir/Supporting Files/Info.plist";
				LD_RUNPATH_SEARCH_PATHS = "$(inherited) @executable_path/Frameworks";
				PRODUCT_BUNDLE_IDENTIFIER = none.Souvenir;
				PRODUCT_NAME = "$(TARGET_NAME)";
				SWIFT_VERSION = 4.0;
				TARGETED_DEVICE_FAMILY = "1,2";
			};
			name = Release;
		};
		11398FCF201F6FF000792D31 /* Debug */ = {
			isa = XCBuildConfiguration;
			baseConfigurationReference = 8B763A36689804EA3CCA3037 /* Pods-SouvenirTests.debug.xcconfig */;
			buildSettings = {
				ALWAYS_EMBED_SWIFT_STANDARD_LIBRARIES = YES;
				BUNDLE_LOADER = "$(TEST_HOST)";
				CODE_SIGN_STYLE = Automatic;
				INFOPLIST_FILE = SouvenirTests/Info.plist;
				LD_RUNPATH_SEARCH_PATHS = "$(inherited) @executable_path/Frameworks @loader_path/Frameworks";
				PRODUCT_BUNDLE_IDENTIFIER = none.SouvenirTests;
				PRODUCT_NAME = "$(TARGET_NAME)";
				SWIFT_VERSION = 4.0;
				TARGETED_DEVICE_FAMILY = "1,2";
				TEST_HOST = "$(BUILT_PRODUCTS_DIR)/Souvenir.app/Souvenir";
			};
			name = Debug;
		};
		11398FD0201F6FF000792D31 /* Release */ = {
			isa = XCBuildConfiguration;
			baseConfigurationReference = B3EBC10A8D60CCCE8B684BFF /* Pods-SouvenirTests.release.xcconfig */;
			buildSettings = {
				ALWAYS_EMBED_SWIFT_STANDARD_LIBRARIES = YES;
				BUNDLE_LOADER = "$(TEST_HOST)";
				CODE_SIGN_STYLE = Automatic;
				INFOPLIST_FILE = SouvenirTests/Info.plist;
				LD_RUNPATH_SEARCH_PATHS = "$(inherited) @executable_path/Frameworks @loader_path/Frameworks";
				PRODUCT_BUNDLE_IDENTIFIER = none.SouvenirTests;
				PRODUCT_NAME = "$(TARGET_NAME)";
				SWIFT_VERSION = 4.0;
				TARGETED_DEVICE_FAMILY = "1,2";
				TEST_HOST = "$(BUILT_PRODUCTS_DIR)/Souvenir.app/Souvenir";
			};
			name = Release;
		};
/* End XCBuildConfiguration section */

/* Begin XCConfigurationList section */
		11398FA9201F6FEF00792D31 /* Build configuration list for PBXProject "Souvenir" */ = {
			isa = XCConfigurationList;
			buildConfigurations = (
				11398FC9201F6FF000792D31 /* Debug */,
				11398FCA201F6FF000792D31 /* Release */,
			);
			defaultConfigurationIsVisible = 0;
			defaultConfigurationName = Release;
		};
		11398FCB201F6FF000792D31 /* Build configuration list for PBXNativeTarget "Souvenir" */ = {
			isa = XCConfigurationList;
			buildConfigurations = (
				11398FCC201F6FF000792D31 /* Debug */,
				11398FCD201F6FF000792D31 /* Release */,
			);
			defaultConfigurationIsVisible = 0;
			defaultConfigurationName = Release;
		};
		11398FCE201F6FF000792D31 /* Build configuration list for PBXNativeTarget "SouvenirTests" */ = {
			isa = XCConfigurationList;
			buildConfigurations = (
				11398FCF201F6FF000792D31 /* Debug */,
				11398FD0201F6FF000792D31 /* Release */,
			);
			defaultConfigurationIsVisible = 0;
			defaultConfigurationName = Release;
		};
/* End XCConfigurationList section */
	};
	rootObject = 11398FA6201F6FEF00792D31 /* Project object */;
}
